{
  "requires": true,
  "lockfileVersion": 1,
  "dependencies": {
    "bootstrap-scss": {
      "version": "4.5.3",
      "resolved": "https://registry.npmjs.org/bootstrap-scss/-/bootstrap-scss-4.5.3.tgz",
      "integrity": "sha512-sWnHNg9oFHGWPOIm5j8WkuSLZVWFbfL4OssNe1rsTADzRhKTNCM8mmeRMhhezz8bu+WjJ9xCuEeTZ2lkxolq6A=="
    }
  }
}
